
Microsoft Visual Studio Solution File, Format Version 12.00
# Visual Studio 15
VisualStudioVersion = 15.0.28307.1300
MinimumVisualStudioVersion = 10.0.40219.1
Project("{FAE04EC0-301F-11D3-BF4B-00C04F79EFBC}") = "HotelReservation", "HotelReservation\HotelReservation.csproj", "{3E7FF7F7-EE95-43F3-8966-70C24E23EBEA}"
EndProject
Global
	GlobalSection(SolutionConfigurationPlatforms) = preSolution
		Debug|Any CPU = Debug|Any CPU
		Release|Any CPU = Release|Any CPU
	EndGlobalSection
	GlobalSection(ProjectConfigurationPlatforms) = postSolution
		{3E7FF7F7-EE95-43F3-8966-70C24E23EBEA}.Debug|Any CPU.ActiveCfg = Debug|Any CPU
		{3E7FF7F7-EE95-43F3-8966-70C24E23EBEA}.Debug|Any CPU.Build.0 = Debug|Any CPU
		{3E7FF7F7-EE95-43F3-8966-70C24E23EBEA}.Release|Any CPU.ActiveCfg = Release|Any CPU
		{3E7FF7F7-EE95-43F3-8966-70C24E23EBEA}.Release|Any CPU.Build.0 = Release|Any CPU
	EndGlobalSection
	GlobalSection(SolutionProperties) = preSolution
		HideSolutionNode = FALSE
	EndGlobalSection
	GlobalSection(ExtensibilityGlobals) = postSolution
		SolutionGuid = {BC49EBB1-B5C1-43F8-96A2-F94F703C59C2}
	EndGlobalSection
EndGlobal
